
Microsoft Visual Studio Solution File, Format Version 12.00
# Visual Studio Version 17
VisualStudioVersion = 17.14.36429.23
MinimumVisualStudioVersion = 10.0.40219.1
Project("{FAE04EC0-301F-11D3-BF4B-00C04F79EFBC}") = "Camping.App", "Camping.App\Camping.App.csproj", "{6AB595F2-D73B-4619-8D4C-D63F72F061A3}"
EndProject
Project("{FAE04EC0-301F-11D3-BF4B-00C04F79EFBC}") = "Camping.Core.Data", "Camping.Core.Data\Camping.Core.Data.csproj", "{171CB549-4F4F-C3AF-F519-259947287F19}"
EndProject
Project("{FAE04EC0-301F-11D3-BF4B-00C04F79EFBC}") = "Camping.Core", "Camping.Core\Camping.Core.csproj", "{C2DAECC9-5805-8380-0318-2DCE55099C53}"
EndProject
Project("{FAE04EC0-301F-11D3-BF4B-00C04F79EFBC}") = "TestCore", "TestCore\TestCore.csproj", "{D10BE4E2-89D6-438D-A118-2188FBF93474}"
EndProject
Global
	GlobalSection(SolutionConfigurationPlatforms) = preSolution
		Debug|Any CPU = Debug|Any CPU
		Release|Any CPU = Release|Any CPU
	EndGlobalSection
	GlobalSection(ProjectConfigurationPlatforms) = postSolution
		{6AB595F2-D73B-4619-8D4C-D63F72F061A3}.Debug|Any CPU.ActiveCfg = Debug|Any CPU
		{6AB595F2-D73B-4619-8D4C-D63F72F061A3}.Debug|Any CPU.Build.0 = Debug|Any CPU
		{6AB595F2-D73B-4619-8D4C-D63F72F061A3}.Debug|Any CPU.Deploy.0 = Debug|Any CPU
		{6AB595F2-D73B-4619-8D4C-D63F72F061A3}.Release|Any CPU.ActiveCfg = Release|Any CPU
		{6AB595F2-D73B-4619-8D4C-D63F72F061A3}.Release|Any CPU.Build.0 = Release|Any CPU
		{171CB549-4F4F-C3AF-F519-259947287F19}.Debug|Any CPU.ActiveCfg = Debug|Any CPU
		{171CB549-4F4F-C3AF-F519-259947287F19}.Debug|Any CPU.Build.0 = Debug|Any CPU
		{171CB549-4F4F-C3AF-F519-259947287F19}.Release|Any CPU.ActiveCfg = Release|Any CPU
		{171CB549-4F4F-C3AF-F519-259947287F19}.Release|Any CPU.Build.0 = Release|Any CPU
		{C2DAECC9-5805-8380-0318-2DCE55099C53}.Debug|Any CPU.ActiveCfg = Debug|Any CPU
		{C2DAECC9-5805-8380-0318-2DCE55099C53}.Debug|Any CPU.Build.0 = Debug|Any CPU
		{C2DAECC9-5805-8380-0318-2DCE55099C53}.Release|Any CPU.ActiveCfg = Release|Any CPU
		{C2DAECC9-5805-8380-0318-2DCE55099C53}.Release|Any CPU.Build.0 = Release|Any CPU
		{D10BE4E2-89D6-438D-A118-2188FBF93474}.Debug|Any CPU.ActiveCfg = Debug|Any CPU
		{D10BE4E2-89D6-438D-A118-2188FBF93474}.Debug|Any CPU.Build.0 = Debug|Any CPU
		{D10BE4E2-89D6-438D-A118-2188FBF93474}.Release|Any CPU.ActiveCfg = Release|Any CPU
		{D10BE4E2-89D6-438D-A118-2188FBF93474}.Release|Any CPU.Build.0 = Release|Any CPU
	EndGlobalSection
	GlobalSection(SolutionProperties) = preSolution
		HideSolutionNode = FALSE
	EndGlobalSection
	GlobalSection(ExtensibilityGlobals) = postSolution
		SolutionGuid = {7D51F437-DDD1-40A9-8090-12A7BB5F7326}
	EndGlobalSection
EndGlobal
